
Microsoft Visual Studio Solution File, Format Version 12.00
# Visual Studio 2013
VisualStudioVersion = 12.0.30501.0
MinimumVisualStudioVersion = 10.0.40219.1
Project("{FAE04EC0-301F-11D3-BF4B-00C04F79EFBC}") = "GeneratorBox.Generator", "GeneratorBox.Generator\GeneratorBox.Generator.csproj", "{E2703762-7D3C-49AE-B8A8-B3A792F018E3}"
EndProject
Project("{2150E333-8FDC-42A3-9474-1A3956D46DE8}") = ".nuget", ".nuget", "{5F0B1FC9-16E8-449E-A0CD-61C2CB3FE93E}"
	ProjectSection(SolutionItems) = preProject
		.nuget\NuGet.Config = .nuget\NuGet.Config
		.nuget\NuGet.exe = .nuget\NuGet.exe
		.nuget\NuGet.targets = .nuget\NuGet.targets
	EndProjectSection
EndProject
Project("{FAE04EC0-301F-11D3-BF4B-00C04F79EFBC}") = "GeneratorBox", "GeneratorBox\GeneratorBox.csproj", "{F1F8B138-BECC-4475-A7AB-B3019338BC7B}"
EndProject
Global
	GlobalSection(SolutionConfigurationPlatforms) = preSolution
		Debug|Any CPU = Debug|Any CPU
		Release|Any CPU = Release|Any CPU
	EndGlobalSection
	GlobalSection(ProjectConfigurationPlatforms) = postSolution
		{E2703762-7D3C-49AE-B8A8-B3A792F018E3}.Debug|Any CPU.ActiveCfg = Debug|Any CPU
		{E2703762-7D3C-49AE-B8A8-B3A792F018E3}.Debug|Any CPU.Build.0 = Debug|Any CPU
		{E2703762-7D3C-49AE-B8A8-B3A792F018E3}.Release|Any CPU.ActiveCfg = Release|Any CPU
		{E2703762-7D3C-49AE-B8A8-B3A792F018E3}.Release|Any CPU.Build.0 = Release|Any CPU
		{F1F8B138-BECC-4475-A7AB-B3019338BC7B}.Debug|Any CPU.ActiveCfg = Debug|Any CPU
		{F1F8B138-BECC-4475-A7AB-B3019338BC7B}.Debug|Any CPU.Build.0 = Debug|Any CPU
		{F1F8B138-BECC-4475-A7AB-B3019338BC7B}.Release|Any CPU.ActiveCfg = Release|Any CPU
		{F1F8B138-BECC-4475-A7AB-B3019338BC7B}.Release|Any CPU.Build.0 = Release|Any CPU
	EndGlobalSection
	GlobalSection(SolutionProperties) = preSolution
		HideSolutionNode = FALSE
	EndGlobalSection
EndGlobal
